
Microsoft Visual Studio Solution File, Format Version 12.00
# Visual Studio 15
VisualStudioVersion = 15.0.28307.168
MinimumVisualStudioVersion = 10.0.40219.1
Project("{9A19103F-16F7-4668-BE54-9A1E7A4F7556}") = "OcelotDemo", "OcelotDemo\OcelotDemo.csproj", "{51C15920-7982-4A9A-9FC1-3F259ABB71EF}"
EndProject
Project("{FAE04EC0-301F-11D3-BF4B-00C04F79EFBC}") = "WebApi1", "WebApi1\WebApi1.csproj", "{EDF68DD1-415C-4C20-9C87-3C208D86FED9}"
EndProject
Project("{FAE04EC0-301F-11D3-BF4B-00C04F79EFBC}") = "WebApi2", "WebApi2\WebApi2.csproj", "{72EC01BC-55AA-401E-B188-A87ACE364931}"
EndProject
Global
	GlobalSection(SolutionConfigurationPlatforms) = preSolution
		Debug|Any CPU = Debug|Any CPU
		Release|Any CPU = Release|Any CPU
	EndGlobalSection
	GlobalSection(ProjectConfigurationPlatforms) = postSolution
		{51C15920-7982-4A9A-9FC1-3F259ABB71EF}.Debug|Any CPU.ActiveCfg = Debug|Any CPU
		{51C15920-7982-4A9A-9FC1-3F259ABB71EF}.Debug|Any CPU.Build.0 = Debug|Any CPU
		{51C15920-7982-4A9A-9FC1-3F259ABB71EF}.Release|Any CPU.ActiveCfg = Release|Any CPU
		{51C15920-7982-4A9A-9FC1-3F259ABB71EF}.Release|Any CPU.Build.0 = Release|Any CPU
		{EDF68DD1-415C-4C20-9C87-3C208D86FED9}.Debug|Any CPU.ActiveCfg = Debug|Any CPU
		{EDF68DD1-415C-4C20-9C87-3C208D86FED9}.Debug|Any CPU.Build.0 = Debug|Any CPU
		{EDF68DD1-415C-4C20-9C87-3C208D86FED9}.Release|Any CPU.ActiveCfg = Release|Any CPU
		{EDF68DD1-415C-4C20-9C87-3C208D86FED9}.Release|Any CPU.Build.0 = Release|Any CPU
		{72EC01BC-55AA-401E-B188-A87ACE364931}.Debug|Any CPU.ActiveCfg = Debug|Any CPU
		{72EC01BC-55AA-401E-B188-A87ACE364931}.Debug|Any CPU.Build.0 = Debug|Any CPU
		{72EC01BC-55AA-401E-B188-A87ACE364931}.Release|Any CPU.ActiveCfg = Release|Any CPU
		{72EC01BC-55AA-401E-B188-A87ACE364931}.Release|Any CPU.Build.0 = Release|Any CPU
	EndGlobalSection
	GlobalSection(SolutionProperties) = preSolution
		HideSolutionNode = FALSE
	EndGlobalSection
	GlobalSection(ExtensibilityGlobals) = postSolution
		SolutionGuid = {36EF760E-D389-4D08-828A-A60613EFE243}
	EndGlobalSection
EndGlobal
